
Microsoft Visual Studio Solution File, Format Version 12.00
# Visual Studio Version 16
VisualStudioVersion = 16.0.31613.86
MinimumVisualStudioVersion = 10.0.40219.1
Project("{FAE04EC0-301F-11D3-BF4B-00C04F79EFBC}") = "test1", "test1\test1.csproj", "{E337A34D-898B-4FA1-B9CE-0C8AE8FE281E}"
EndProject
Global
	GlobalSection(SolutionConfigurationPlatforms) = preSolution
		Debug|Any CPU = Debug|Any CPU
		Release|Any CPU = Release|Any CPU
	EndGlobalSection
	GlobalSection(ProjectConfigurationPlatforms) = postSolution
		{E337A34D-898B-4FA1-B9CE-0C8AE8FE281E}.Debug|Any CPU.ActiveCfg = Debug|Any CPU
		{E337A34D-898B-4FA1-B9CE-0C8AE8FE281E}.Debug|Any CPU.Build.0 = Debug|Any CPU
		{E337A34D-898B-4FA1-B9CE-0C8AE8FE281E}.Release|Any CPU.ActiveCfg = Release|Any CPU
		{E337A34D-898B-4FA1-B9CE-0C8AE8FE281E}.Release|Any CPU.Build.0 = Release|Any CPU
	EndGlobalSection
	GlobalSection(SolutionProperties) = preSolution
		HideSolutionNode = FALSE
	EndGlobalSection
	GlobalSection(ExtensibilityGlobals) = postSolution
		SolutionGuid = {989E92AC-4D94-417E-B310-E72FBD11B718}
	EndGlobalSection
EndGlobal
